
Microsoft Visual Studio Solution File, Format Version 12.00
# Visual Studio Version 17
VisualStudioVersion = 17.7.34031.279
MinimumVisualStudioVersion = 10.0.40219.1
Project("{FAE04EC0-301F-11D3-BF4B-00C04F79EFBC}") = "SenwellApplication", "SenwellApplication\SenwellApplication.csproj", "{2E03490B-33E1-4E44-B113-367627475FEB}"
EndProject
Global
	GlobalSection(SolutionConfigurationPlatforms) = preSolution
		Debug|Any CPU = Debug|Any CPU
		Release|Any CPU = Release|Any CPU
	EndGlobalSection
	GlobalSection(ProjectConfigurationPlatforms) = postSolution
		{2E03490B-33E1-4E44-B113-367627475FEB}.Debug|Any CPU.ActiveCfg = Debug|Any CPU
		{2E03490B-33E1-4E44-B113-367627475FEB}.Debug|Any CPU.Build.0 = Debug|Any CPU
		{2E03490B-33E1-4E44-B113-367627475FEB}.Release|Any CPU.ActiveCfg = Release|Any CPU
		{2E03490B-33E1-4E44-B113-367627475FEB}.Release|Any CPU.Build.0 = Release|Any CPU
	EndGlobalSection
	GlobalSection(SolutionProperties) = preSolution
		HideSolutionNode = FALSE
	EndGlobalSection
	GlobalSection(ExtensibilityGlobals) = postSolution
		SolutionGuid = {75F262C0-4FFE-44E0-8FF9-F9E97941CB8D}
	EndGlobalSection
EndGlobal
